# This file is automatically @generated by Cargo.
# It is not intended for manual editing.
version = 4

[[package]]
name = "const-str"
version = "0.6.2"
source = "registry+https://github.com/rust-lang/crates.io-index"
checksum = "9e991226a70654b49d34de5ed064885f0bef0348a8e70018b8ff1ac80aa984a2"

[[package]]
name = "owo-colors"
version = "4.2.0"
source = "registry+https://github.com/rust-lang/crates.io-index"
checksum = "1036865bb9422d3300cf723f657c2851d0e9ab12567854b1f4eba3d77decf564"

[[package]]
name = "roast"
version = "0.1.0"
dependencies = [
 "const-str",
 "owo-colors",
]
